
Microsoft Visual Studio Solution File, Format Version 12.00
# Visual Studio Version 17
VisualStudioVersion = 17.11.35312.102
MinimumVisualStudioVersion = 10.0.40219.1
Project("{FAE04EC0-301F-11D3-BF4B-00C04F79EFBC}") = "Bachat", "Bachat\Bachat.csproj", "{DEAA653E-0E60-4A99-9A3F-FDD3D0A8D9D9}"
EndProject
Project("{FAE04EC0-301F-11D3-BF4B-00C04F79EFBC}") = "DataAccess", "DataAccess\DataAccess.csproj", "{CB26DE89-CBDC-42EE-ACA5-3F57F4C8243A}"
EndProject
Project("{FAE04EC0-301F-11D3-BF4B-00C04F79EFBC}") = "DataModel", "DataModel\DataModel.csproj", "{5F38B130-7F15-4541-A4EE-0BAC2DE31C73}"
EndProject
Global
	GlobalSection(SolutionConfigurationPlatforms) = preSolution
		Debug|Any CPU = Debug|Any CPU
		Release|Any CPU = Release|Any CPU
	EndGlobalSection
	GlobalSection(ProjectConfigurationPlatforms) = postSolution
		{DEAA653E-0E60-4A99-9A3F-FDD3D0A8D9D9}.Debug|Any CPU.ActiveCfg = Debug|Any CPU
		{DEAA653E-0E60-4A99-9A3F-FDD3D0A8D9D9}.Debug|Any CPU.Build.0 = Debug|Any CPU
		{DEAA653E-0E60-4A99-9A3F-FDD3D0A8D9D9}.Debug|Any CPU.Deploy.0 = Debug|Any CPU
		{DEAA653E-0E60-4A99-9A3F-FDD3D0A8D9D9}.Release|Any CPU.ActiveCfg = Release|Any CPU
		{DEAA653E-0E60-4A99-9A3F-FDD3D0A8D9D9}.Release|Any CPU.Build.0 = Release|Any CPU
		{DEAA653E-0E60-4A99-9A3F-FDD3D0A8D9D9}.Release|Any CPU.Deploy.0 = Release|Any CPU
		{CB26DE89-CBDC-42EE-ACA5-3F57F4C8243A}.Debug|Any CPU.ActiveCfg = Debug|Any CPU
		{CB26DE89-CBDC-42EE-ACA5-3F57F4C8243A}.Debug|Any CPU.Build.0 = Debug|Any CPU
		{CB26DE89-CBDC-42EE-ACA5-3F57F4C8243A}.Release|Any CPU.ActiveCfg = Release|Any CPU
		{CB26DE89-CBDC-42EE-ACA5-3F57F4C8243A}.Release|Any CPU.Build.0 = Release|Any CPU
		{5F38B130-7F15-4541-A4EE-0BAC2DE31C73}.Debug|Any CPU.ActiveCfg = Debug|Any CPU
		{5F38B130-7F15-4541-A4EE-0BAC2DE31C73}.Debug|Any CPU.Build.0 = Debug|Any CPU
		{5F38B130-7F15-4541-A4EE-0BAC2DE31C73}.Release|Any CPU.ActiveCfg = Release|Any CPU
		{5F38B130-7F15-4541-A4EE-0BAC2DE31C73}.Release|Any CPU.Build.0 = Release|Any CPU
	EndGlobalSection
	GlobalSection(SolutionProperties) = preSolution
		HideSolutionNode = FALSE
	EndGlobalSection
	GlobalSection(ExtensibilityGlobals) = postSolution
		SolutionGuid = {0C65B04D-5F1A-4553-BD2C-DCFD50A6180F}
	EndGlobalSection
EndGlobal
